
Microsoft Visual Studio Solution File, Format Version 12.00
# Visual Studio 15
VisualStudioVersion = 15.0.28307.168
MinimumVisualStudioVersion = 10.0.40219.1
Project("{FAE04EC0-301F-11D3-BF4B-00C04F79EFBC}") = "ContaFraudeDecorator", "ContaFraudeDecorator.csproj", "{AE43FC06-6450-4292-9D32-E0E57098FCF9}"
EndProject
Global
	GlobalSection(SolutionConfigurationPlatforms) = preSolution
		Debug|Any CPU = Debug|Any CPU
		Release|Any CPU = Release|Any CPU
	EndGlobalSection
	GlobalSection(ProjectConfigurationPlatforms) = postSolution
		{AE43FC06-6450-4292-9D32-E0E57098FCF9}.Debug|Any CPU.ActiveCfg = Debug|Any CPU
		{AE43FC06-6450-4292-9D32-E0E57098FCF9}.Debug|Any CPU.Build.0 = Debug|Any CPU
		{AE43FC06-6450-4292-9D32-E0E57098FCF9}.Release|Any CPU.ActiveCfg = Release|Any CPU
		{AE43FC06-6450-4292-9D32-E0E57098FCF9}.Release|Any CPU.Build.0 = Release|Any CPU
	EndGlobalSection
	GlobalSection(SolutionProperties) = preSolution
		HideSolutionNode = FALSE
	EndGlobalSection
	GlobalSection(ExtensibilityGlobals) = postSolution
		SolutionGuid = {4DE7D131-F411-42F1-B505-47D3798FC743}
	EndGlobalSection
EndGlobal
